// !$*UTF8*$!
{
	archiveVersion = 1;
	classes = {
	};
	objectVersion = 50;
	objects = {

/* Begin PBXBuildFile section */
		D03A290724BD8A6C00B3E192 /* AppDelegate.swift in Sources */ = {isa = PBXBuildFile; fileRef = D03A290624BD8A6C00B3E192 /* AppDelegate.swift */; };
		D03A290924BD8A6C00B3E192 /* SceneDelegate.swift in Sources */ = {isa = PBXBuildFile; fileRef = D03A290824BD8A6C00B3E192 /* SceneDelegate.swift */; };
		D03A290B24BD8A6C00B3E192 /* ContentView.swift in Sources */ = {isa = PBXBuildFile; fileRef = D03A290A24BD8A6C00B3E192 /* ContentView.swift */; };
		D03A290D24BD8A6D00B3E192 /* Assets.xcassets in Resources */ = {isa = PBXBuildFile; fileRef = D03A290C24BD8A6D00B3E192 /* Assets.xcassets */; };
		D03A291024BD8A6D00B3E192 /* Preview Assets.xcassets in Resources */ = {isa = PBXBuildFile; fileRef = D03A290F24BD8A6D00B3E192 /* Preview Assets.xcassets */; };
		D03A291324BD8A6D00B3E192 /* LaunchScreen.storyboard in Resources */ = {isa = PBXBuildFile; fileRef = D03A291124BD8A6D00B3E192 /* LaunchScreen.storyboard */; };
		D03A291C24BD8F8700B3E192 /* ShareTech-Regular.ttf in Resources */ = {isa = PBXBuildFile; fileRef = D03A291B24BD8F8700B3E192 /* ShareTech-Regular.ttf */; };
		D03A291E24BD908500B3E192 /* Pacifico-Regular.ttf in Resources */ = {isa = PBXBuildFile; fileRef = D03A291D24BD908500B3E192 /* Pacifico-Regular.ttf */; };
		D03A292024BD9C7B00B3E192 /* InfoView.swift in Sources */ = {isa = PBXBuildFile; fileRef = D03A291F24BD9C7B00B3E192 /* InfoView.swift */; };
/* End PBXBuildFile section */

/* Begin PBXFileReference section */
		D03A290324BD8A6C00B3E192 /* Pranav Srinivasan Business Card.app */ = {isa = PBXFileReference; explicitFileType = wrapper.application; includeInIndex = 0; path = "Pranav Srinivasan Business Card.app"; sourceTree = BUILT_PRODUCTS_DIR; };
		D03A290624BD8A6C00B3E192 /* AppDelegate.swift */ = {isa = PBXFileReference; lastKnownFileType = sourcecode.swift; path = AppDelegate.swift; sourceTree = "<group>"; };
		D03A290824BD8A6C00B3E192 /* SceneDelegate.swift */ = {isa = PBXFileReference; lastKnownFileType = sourcecode.swift; path = SceneDelegate.swift; sourceTree = "<group>"; };
		D03A290A24BD8A6C00B3E192 /* ContentView.swift */ = {isa = PBXFileReference; lastKnownFileType = sourcecode.swift; path = ContentView.swift; sourceTree = "<group>"; };
		D03A290C24BD8A6D00B3E192 /* Assets.xcassets */ = {isa = PBXFileReference; lastKnownFileType = folder.assetcatalog; path = Assets.xcassets; sourceTree = "<group>"; };
		D03A290F24BD8A6D00B3E192 /* Preview Assets.xcassets */ = {isa = PBXFileReference; lastKnownFileType = folder.assetcatalog; path = "Preview Assets.xcassets"; sourceTree = "<group>"; };
		D03A291224BD8A6D00B3E192 /* Base */ = {isa = PBXFileReference; lastKnownFileType = file.storyboard; name = Base; path = Base.lproj/LaunchScreen.storyboard; sourceTree = "<group>"; };
		D03A291424BD8A6D00B3E192 /* Info.plist */ = {isa = PBXFileReference; lastKnownFileType = text.plist.xml; path = Info.plist; sourceTree = "<group>"; };
		D03A291B24BD8F8700B3E192 /* ShareTech-Regular.ttf */ = {isa = PBXFileReference; lastKnownFileType = file; path = "ShareTech-Regular.ttf"; sourceTree = "<group>"; };
		D03A291D24BD908500B3E192 /* Pacifico-Regular.ttf */ = {isa = PBXFileReference; lastKnownFileType = file; path = "Pacifico-Regular.ttf"; sourceTree = "<group>"; };
		D03A291F24BD9C7B00B3E192 /* InfoView.swift */ = {isa = PBXFileReference; lastKnownFileType = sourcecode.swift; path = InfoView.swift; sourceTree = "<group>"; };
/* End PBXFileReference section */

/* Begin PBXFrameworksBuildPhase section */
		D03A290024BD8A6C00B3E192 /* Frameworks */ = {
			isa = PBXFrameworksBuildPhase;
			buildActionMask = 2147483647;
			files = (
			);
			runOnlyForDeploymentPostprocessing = 0;
		};
/* End PBXFrameworksBuildPhase section */

/* Begin PBXGroup section */
		D03A28FA24BD8A6C00B3E192 = {
			isa = PBXGroup;
			children = (
				D03A290524BD8A6C00B3E192 /* Pranav Srinivasan Business Card */,
				D03A290424BD8A6C00B3E192 /* Products */,
			);
			sourceTree = "<group>";
		};
		D03A290424BD8A6C00B3E192 /* Products */ = {
			isa = PBXGroup;
			children = (
				D03A290324BD8A6C00B3E192 /* Pranav Srinivasan Business Card.app */,
			);
			name = Products;
			sourceTree = "<group>";
		};
		D03A290524BD8A6C00B3E192 /* Pranav Srinivasan Business Card */ = {
			isa = PBXGroup;
			children = (
				D03A291A24BD8F7200B3E192 /* Fonts */,
				D03A290624BD8A6C00B3E192 /* AppDelegate.swift */,
				D03A290824BD8A6C00B3E192 /* SceneDelegate.swift */,
				D03A290A24BD8A6C00B3E192 /* ContentView.swift */,
				D03A291F24BD9C7B00B3E192 /* InfoView.swift */,
				D03A290C24BD8A6D00B3E192 /* Assets.xcassets */,
				D03A291124BD8A6D00B3E192 /* LaunchScreen.storyboard */,
				D03A291424BD8A6D00B3E192 /* Info.plist */,
				D03A290E24BD8A6D00B3E192 /* Preview Content */,
			);
			path = "Pranav Srinivasan Business Card";
			sourceTree = "<group>";
		};
		D03A290E24BD8A6D00B3E192 /* Preview Content */ = {
			isa = PBXGroup;
			children = (
				D03A290F24BD8A6D00B3E192 /* Preview Assets.xcassets */,
			);
			path = "Preview Content";
			sourceTree = "<group>";
		};
		D03A291A24BD8F7200B3E192 /* Fonts */ = {
			isa = PBXGroup;
			children = (
				D03A291B24BD8F8700B3E192 /* ShareTech-Regular.ttf */,
				D03A291D24BD908500B3E192 /* Pacifico-Regular.ttf */,
			);
			path = Fonts;
			sourceTree = "<group>";
		};
/* End PBXGroup section */

/* Begin PBXNativeTarget section */
		D03A290224BD8A6C00B3E192 /* Pranav Srinivasan Business Card */ = {
			isa = PBXNativeTarget;
			buildConfigurationList = D03A291724BD8A6D00B3E192 /* Build configuration list for PBXNativeTarget "Pranav Srinivasan Business Card" */;
			buildPhases = (
				D03A28FF24BD8A6C00B3E192 /* Sources */,
				D03A290024BD8A6C00B3E192 /* Frameworks */,
				D03A290124BD8A6C00B3E192 /* Resources */,
			);
			buildRules = (
			);
			dependencies = (
			);
			name = "Pranav Srinivasan Business Card";
			productName = "Pranav Srinivasan Business Card";
			productReference = D03A290324BD8A6C00B3E192 /* Pranav Srinivasan Business Card.app */;
			productType = "com.apple.product-type.application";
		};
/* End PBXNativeTarget section */

/* Begin PBXProject section */
		D03A28FB24BD8A6C00B3E192 /* Project object */ = {
			isa = PBXProject;
			attributes = {
				LastSwiftUpdateCheck = 1150;
				LastUpgradeCheck = 1150;
				ORGANIZATIONNAME = "Pranav Srinivasan";
				TargetAttributes = {
					D03A290224BD8A6C00B3E192 = {
						CreatedOnToolsVersion = 11.5;
					};
				};
			};
			buildConfigurationList = D03A28FE24BD8A6C00B3E192 /* Build configuration list for PBXProject "Pranav Srinivasan Business Card" */;
			compatibilityVersion = "Xcode 9.3";
			developmentRegion = en;
			hasScannedForEncodings = 0;
			knownRegions = (
				en,
				Base,
			);
			mainGroup = D03A28FA24BD8A6C00B3E192;
			productRefGroup = D03A290424BD8A6C00B3E192 /* Products */;
			projectDirPath = "";
			projectRoot = "";
			targets = (
				D03A290224BD8A6C00B3E192 /* Pranav Srinivasan Business Card */,
			);
		};
/* End PBXProject section */

/* Begin PBXResourcesBuildPhase section */
		D03A290124BD8A6C00B3E192 /* Resources */ = {
			isa = PBXResourcesBuildPhase;
			buildActionMask = 2147483647;
			files = (
				D03A291324BD8A6D00B3E192 /* LaunchScreen.storyboard in Resources */,
				D03A291024BD8A6D00B3E192 /* Preview Assets.xcassets in Resources */,
				D03A290D24BD8A6D00B3E192 /* Assets.xcassets in Resources */,
				D03A291C24BD8F8700B3E192 /* ShareTech-Regular.ttf in Resources */,
				D03A291E24BD908500B3E192 /* Pacifico-Regular.ttf in Resources */,
			);
			runOnlyForDeploymentPostprocessing = 0;
		};
/* End PBXResourcesBuildPhase section */

/* Begin PBXSourcesBuildPhase section */
		D03A28FF24BD8A6C00B3E192 /* Sources */ = {
			isa = PBXSourcesBuildPhase;
			buildActionMask = 2147483647;
			files = (
				D03A292024BD9C7B00B3E192 /* InfoView.swift in Sources */,
				D03A290724BD8A6C00B3E192 /* AppDelegate.swift in Sources */,
				D03A290924BD8A6C00B3E192 /* SceneDelegate.swift in Sources */,
				D03A290B24BD8A6C00B3E192 /* ContentView.swift in Sources */,
			);
			runOnlyForDeploymentPostprocessing = 0;
		};
/* End PBXSourcesBuildPhase section */

/* Begin PBXVariantGroup section */
		D03A291124BD8A6D00B3E192 /* LaunchScreen.storyboard */ = {
			isa = PBXVariantGroup;
			children = (
				D03A291224BD8A6D00B3E192 /* Base */,
			);
			name = LaunchScreen.storyboard;
			sourceTree = "<group>";
		};
/* End PBXVariantGroup section */

/* Begin XCBuildConfiguration section */
		D03A291524BD8A6D00B3E192 /* Debug */ = {
			isa = XCBuildConfiguration;
			buildSettings = {
				ALWAYS_SEARCH_USER_PATHS = NO;
				CLANG_ANALYZER_NONNULL = YES;
				CLANG_ANALYZER_NUMBER_OBJECT_CONVERSION = YES_AGGRESSIVE;
				CLANG_CXX_LANGUAGE_STANDARD = "gnu++14";
				CLANG_CXX_LIBRARY = "libc++";
				CLANG_ENABLE_MODULES = YES;
				CLANG_ENABLE_OBJC_ARC = YES;
				CLANG_ENABLE_OBJC_WEAK = YES;
				CLANG_WARN_BLOCK_CAPTURE_AUTORELEASING = YES;
				CLANG_WARN_BOOL_CONVERSION = YES;
				CLANG_WARN_COMMA = YES;
				CLANG_WARN_CONSTANT_CONVERSION = YES;
				CLANG_WARN_DEPRECATED_OBJC_IMPLEMENTATIONS = YES;
				CLANG_WARN_DIRECT_OBJC_ISA_USAGE = YES_ERROR;
				CLANG_WARN_DOCUMENTATION_COMMENTS = YES;
				CLANG_WARN_EMPTY_BODY = YES;
				CLANG_WARN_ENUM_CONVERSION = YES;
				CLANG_WARN_INFINITE_RECURSION = YES;
				CLANG_WARN_INT_CONVERSION = YES;
				CLANG_WARN_NON_LITERAL_NULL_CONVERSION = YES;
				CLANG_WARN_OBJC_IMPLICIT_RETAIN_SELF = YES;
				CLANG_WARN_OBJC_LITERAL_CONVERSION = YES;
				CLANG_WARN_OBJC_ROOT_CLASS = YES_ERROR;
				CLANG_WARN_RANGE_LOOP_ANALYSIS = YES;
				CLANG_WARN_STRICT_PROTOTYPES = YES;
				CLANG_WARN_SUSPICIOUS_MOVE = YES;
				CLANG_WARN_UNGUARDED_AVAILABILITY = YES_AGGRESSIVE;
				CLANG_WARN_UNREACHABLE_CODE = YES;
				CLANG_WARN__DUPLICATE_METHOD_MATCH = YES;
				COPY_PHASE_STRIP = NO;
				DEBUG_INFORMATION_FORMAT = dwarf;
				ENABLE_STRICT_OBJC_MSGSEND = YES;
				ENABLE_TESTABILITY = YES;
				GCC_C_LANGUAGE_STANDARD = gnu11;
				GCC_DYNAMIC_NO_PIC = NO;
				GCC_NO_COMMON_BLOCKS = YES;
				GCC_OPTIMIZATION_LEVEL = 0;
				GCC_PREPROCESSOR_DEFINITIONS = (
					"DEBUG=1",
					"$(inherited)",
				);
				GCC_WARN_64_TO_32_BIT_CONVERSION = YES;
				GCC_WARN_ABOUT_RETURN_TYPE = YES_ERROR;
				GCC_WARN_UNDECLARED_SELECTOR = YES;
				GCC_WARN_UNINITIALIZED_AUTOS = YES_AGGRESSIVE;
				GCC_WARN_UNUSED_FUNCTION = YES;
				GCC_WARN_UNUSED_VARIABLE = YES;
				IPHONEOS_DEPLOYMENT_TARGET = 13.5;
				MTL_ENABLE_DEBUG_INFO = INCLUDE_SOURCE;
				MTL_FAST_MATH = YES;
				ONLY_ACTIVE_ARCH = YES;
				SDKROOT = iphoneos;
				SWIFT_ACTIVE_COMPILATION_CONDITIONS = DEBUG;
				SWIFT_OPTIMIZATION_LEVEL = "-Onone";
			};
			name = Debug;
		};
		D03A291624BD8A6D00B3E192 /* Release */ = {
			isa = XCBuildConfiguration;
			buildSettings = {
				ALWAYS_SEARCH_USER_PATHS = NO;
				CLANG_ANALYZER_NONNULL = YES;
				CLANG_ANALYZER_NUMBER_OBJECT_CONVERSION = YES_AGGRESSIVE;
				CLANG_CXX_LANGUAGE_STANDARD = "gnu++14";
				CLANG_CXX_LIBRARY = "libc++";
				CLANG_ENABLE_MODULES = YES;
				CLANG_ENABLE_OBJC_ARC = YES;
				CLANG_ENABLE_OBJC_WEAK = YES;
				CLANG_WARN_BLOCK_CAPTURE_AUTORELEASING = YES;
				CLANG_WARN_BOOL_CONVERSION = YES;
				CLANG_WARN_COMMA = YES;
				CLANG_WARN_CONSTANT_CONVERSION = YES;
				CLANG_WARN_DEPRECATED_OBJC_IMPLEMENTATIONS = YES;
				CLANG_WARN_DIRECT_OBJC_ISA_USAGE = YES_ERROR;
				CLANG_WARN_DOCUMENTATION_COMMENTS = YES;
				CLANG_WARN_EMPTY_BODY = YES;
				CLANG_WARN_ENUM_CONVERSION = YES;
				CLANG_WARN_INFINITE_RECURSION = YES;
				CLANG_WARN_INT_CONVERSION = YES;
				CLANG_WARN_NON_LITERAL_NULL_CONVERSION = YES;
				CLANG_WARN_OBJC_IMPLICIT_RETAIN_SELF = YES;
				CLANG_WARN_OBJC_LITERAL_CONVERSION = YES;
				CLANG_WARN_OBJC_ROOT_CLASS = YES_ERROR;
				CLANG_WARN_RANGE_LOOP_ANALYSIS = YES;
				CLANG_WARN_STRICT_PROTOTYPES = YES;
				CLANG_WARN_SUSPICIOUS_MOVE = YES;
				CLANG_WARN_UNGUARDED_AVAILABILITY = YES_AGGRESSIVE;
				CLANG_WARN_UNREACHABLE_CODE = YES;
				CLANG_WARN__DUPLICATE_METHOD_MATCH = YES;
				COPY_PHASE_STRIP = NO;
				DEBUG_INFORMATION_FORMAT = "dwarf-with-dsym";
				ENABLE_NS_ASSERTIONS = NO;
				ENABLE_STRICT_OBJC_MSGSEND = YES;
				GCC_C_LANGUAGE_STANDARD = gnu11;
				GCC_NO_COMMON_BLOCKS = YES;
				GCC_WARN_64_TO_32_BIT_CONVERSION = YES;
				GCC_WARN_ABOUT_RETURN_TYPE = YES_ERROR;
				GCC_WARN_UNDECLARED_SELECTOR = YES;
				GCC_WARN_UNINITIALIZED_AUTOS = YES_AGGRESSIVE;
				GCC_WARN_UNUSED_FUNCTION = YES;
				GCC_WARN_UNUSED_VARIABLE = YES;
				IPHONEOS_DEPLOYMENT_TARGET = 13.5;
				MTL_ENABLE_DEBUG_INFO = NO;
				MTL_FAST_MATH = YES;
				SDKROOT = iphoneos;
				SWIFT_COMPILATION_MODE = wholemodule;
				SWIFT_OPTIMIZATION_LEVEL = "-O";
				VALIDATE_PRODUCT = YES;
			};
			name = Release;
		};
		D03A291824BD8A6D00B3E192 /* Debug */ = {
			isa = XCBuildConfiguration;
			buildSettings = {
				ASSETCATALOG_COMPILER_APPICON_NAME = AppIcon;
				CODE_SIGN_STYLE = Automatic;
				DEVELOPMENT_ASSET_PATHS = "\"Pranav Srinivasan Business Card/Preview Content\"";
				ENABLE_PREVIEWS = YES;
				INFOPLIST_FILE = "Pranav Srinivasan Business Card/Info.plist";
				LD_RUNPATH_SEARCH_PATHS = (
					"$(inherited)",
					"@executable_path/Frameworks",
				);
				PRODUCT_BUNDLE_IDENTIFIER = "com.pranavsrinivasan.Pranav-Srinivasan-Business-Card";
				PRODUCT_NAME = "$(TARGET_NAME)";
				SWIFT_VERSION = 5.0;
				TARGETED_DEVICE_FAMILY = "1,2";
			};
			name = Debug;
		};
		D03A291924BD8A6D00B3E192 /* Release */ = {
			isa = XCBuildConfiguration;
			buildSettings = {
				ASSETCATALOG_COMPILER_APPICON_NAME = AppIcon;
				CODE_SIGN_STYLE = Automatic;
				DEVELOPMENT_ASSET_PATHS = "\"Pranav Srinivasan Business Card/Preview Content\"";
				ENABLE_PREVIEWS = YES;
				INFOPLIST_FILE = "Pranav Srinivasan Business Card/Info.plist";
				LD_RUNPATH_SEARCH_PATHS = (
					"$(inherited)",
					"@executable_path/Frameworks",
				);
				PRODUCT_BUNDLE_IDENTIFIER = "com.pranavsrinivasan.Pranav-Srinivasan-Business-Card";
				PRODUCT_NAME = "$(TARGET_NAME)";
				SWIFT_VERSION = 5.0;
				TARGETED_DEVICE_FAMILY = "1,2";
			};
			name = Release;
		};
/* End XCBuildConfiguration section */

/* Begin XCConfigurationList section */
		D03A28FE24BD8A6C00B3E192 /* Build configuration list for PBXProject "Pranav Srinivasan Business Card" */ = {
			isa = XCConfigurationList;
			buildConfigurations = (
				D03A291524BD8A6D00B3E192 /* Debug */,
				D03A291624BD8A6D00B3E192 /* Release */,
			);
			defaultConfigurationIsVisible = 0;
			defaultConfigurationName = Release;
		};
		D03A291724BD8A6D00B3E192 /* Build configuration list for PBXNativeTarget "Pranav Srinivasan Business Card" */ = {
			isa = XCConfigurationList;
			buildConfigurations = (
				D03A291824BD8A6D00B3E192 /* Debug */,
				D03A291924BD8A6D00B3E192 /* Release */,
			);
			defaultConfigurationIsVisible = 0;
			defaultConfigurationName = Release;
		};
/* End XCConfigurationList section */
	};
	rootObject = D03A28FB24BD8A6C00B3E192 /* Project object */;
}
